
Microsoft Visual Studio Solution File, Format Version 12.00
# Visual Studio 2012
Project("{FAE04EC0-301F-11D3-BF4B-00C04F79EFBC}") = "UBERREP", "UBERREP\UBERREP.csproj", "{85E7D4E8-0B2C-4C03-B73C-F3CE71B318E2}"
EndProject
Project("{FAE04EC0-301F-11D3-BF4B-00C04F79EFBC}") = "BusinessLayer", "BusinessLayer\BusinessLayer.csproj", "{1A062029-39DC-411D-954C-5A3A50FD94C0}"
EndProject
Project("{FAE04EC0-301F-11D3-BF4B-00C04F79EFBC}") = "Uberrep.UI", "C:\Users\akki\Desktop\Uberrep.UI\Uberrep.UI\Uberrep.UI\Uberrep.UI.csproj", "{BB488FFA-CF0A-4E39-9C79-613558BCA663}"
EndProject
Global
	GlobalSection(SolutionConfigurationPlatforms) = preSolution
		Debug|Any CPU = Debug|Any CPU
		Release|Any CPU = Release|Any CPU
		UBERREP|Any CPU = UBERREP|Any CPU
	EndGlobalSection
	GlobalSection(ProjectConfigurationPlatforms) = postSolution
		{85E7D4E8-0B2C-4C03-B73C-F3CE71B318E2}.Debug|Any CPU.ActiveCfg = Debug|Any CPU
		{85E7D4E8-0B2C-4C03-B73C-F3CE71B318E2}.Debug|Any CPU.Build.0 = Debug|Any CPU
		{85E7D4E8-0B2C-4C03-B73C-F3CE71B318E2}.Release|Any CPU.ActiveCfg = Release|Any CPU
		{85E7D4E8-0B2C-4C03-B73C-F3CE71B318E2}.Release|Any CPU.Build.0 = Release|Any CPU
		{85E7D4E8-0B2C-4C03-B73C-F3CE71B318E2}.UBERREP|Any CPU.ActiveCfg = Release|Any CPU
		{1A062029-39DC-411D-954C-5A3A50FD94C0}.Debug|Any CPU.ActiveCfg = Debug|Any CPU
		{1A062029-39DC-411D-954C-5A3A50FD94C0}.Debug|Any CPU.Build.0 = Debug|Any CPU
		{1A062029-39DC-411D-954C-5A3A50FD94C0}.Release|Any CPU.ActiveCfg = Release|Any CPU
		{1A062029-39DC-411D-954C-5A3A50FD94C0}.Release|Any CPU.Build.0 = Release|Any CPU
		{1A062029-39DC-411D-954C-5A3A50FD94C0}.UBERREP|Any CPU.ActiveCfg = UBERREP|Any CPU
		{1A062029-39DC-411D-954C-5A3A50FD94C0}.UBERREP|Any CPU.Build.0 = UBERREP|Any CPU
		{BB488FFA-CF0A-4E39-9C79-613558BCA663}.Debug|Any CPU.ActiveCfg = Debug|Any CPU
		{BB488FFA-CF0A-4E39-9C79-613558BCA663}.Debug|Any CPU.Build.0 = Debug|Any CPU
		{BB488FFA-CF0A-4E39-9C79-613558BCA663}.Release|Any CPU.ActiveCfg = Release|Any CPU
		{BB488FFA-CF0A-4E39-9C79-613558BCA663}.Release|Any CPU.Build.0 = Release|Any CPU
		{BB488FFA-CF0A-4E39-9C79-613558BCA663}.UBERREP|Any CPU.ActiveCfg = UBERREP|Any CPU
		{BB488FFA-CF0A-4E39-9C79-613558BCA663}.UBERREP|Any CPU.Build.0 = UBERREP|Any CPU
	EndGlobalSection
	GlobalSection(SolutionProperties) = preSolution
		HideSolutionNode = FALSE
	EndGlobalSection
EndGlobal
